<<<<<<< HEAD
﻿
Microsoft Visual Studio Solution File, Format Version 11.00
# Visual Studio 2010
Project("{FAE04EC0-301F-11D3-BF4B-00C04F79EFBC}") = "Assembly-CSharp", "Assembly-CSharp.csproj", "{C99EEC9C-CDDF-2CC9-AFA8-1DCF204D14BA}"
EndProject
Project("{FAE04EC0-301F-11D3-BF4B-00C04F79EFBC}") = "Assembly-CSharp-firstpass", "Assembly-CSharp-firstpass.csproj", "{8F2A822C-9ACF-8003-9B1D-53C5B8F4D83D}"
EndProject
Project("{FAE04EC0-301F-11D3-BF4B-00C04F79EFBC}") = "Assembly-CSharp-Editor-firstpass", "Assembly-CSharp-Editor-firstpass.csproj", "{25AB4221-4733-AA7C-FE70-4D231BE88BEC}"
EndProject
Global
	GlobalSection(SolutionConfigurationPlatforms) = preSolution
		Debug|Any CPU = Debug|Any CPU
		Release|Any CPU = Release|Any CPU
	EndGlobalSection
	GlobalSection(ProjectConfigurationPlatforms) = postSolution
		{C99EEC9C-CDDF-2CC9-AFA8-1DCF204D14BA}.Debug|Any CPU.ActiveCfg = Debug|Any CPU
		{C99EEC9C-CDDF-2CC9-AFA8-1DCF204D14BA}.Debug|Any CPU.Build.0 = Debug|Any CPU
		{C99EEC9C-CDDF-2CC9-AFA8-1DCF204D14BA}.Release|Any CPU.ActiveCfg = Release|Any CPU
		{C99EEC9C-CDDF-2CC9-AFA8-1DCF204D14BA}.Release|Any CPU.Build.0 = Release|Any CPU
		{8F2A822C-9ACF-8003-9B1D-53C5B8F4D83D}.Debug|Any CPU.ActiveCfg = Debug|Any CPU
		{8F2A822C-9ACF-8003-9B1D-53C5B8F4D83D}.Debug|Any CPU.Build.0 = Debug|Any CPU
		{8F2A822C-9ACF-8003-9B1D-53C5B8F4D83D}.Release|Any CPU.ActiveCfg = Release|Any CPU
		{8F2A822C-9ACF-8003-9B1D-53C5B8F4D83D}.Release|Any CPU.Build.0 = Release|Any CPU
		{25AB4221-4733-AA7C-FE70-4D231BE88BEC}.Debug|Any CPU.ActiveCfg = Debug|Any CPU
		{25AB4221-4733-AA7C-FE70-4D231BE88BEC}.Debug|Any CPU.Build.0 = Debug|Any CPU
		{25AB4221-4733-AA7C-FE70-4D231BE88BEC}.Release|Any CPU.ActiveCfg = Release|Any CPU
		{25AB4221-4733-AA7C-FE70-4D231BE88BEC}.Release|Any CPU.Build.0 = Release|Any CPU
	EndGlobalSection
	GlobalSection(SolutionProperties) = preSolution
		HideSolutionNode = FALSE
	EndGlobalSection
EndGlobal
=======
﻿
Microsoft Visual Studio Solution File, Format Version 12.00
# Visual Studio 15
Project("{FAE04EC0-301F-11D3-BF4B-00C04F79EFBC}") = "Assembly-CSharp", "Assembly-CSharp.csproj", "{C99EEC9C-CDDF-2CC9-AFA8-1DCF204D14BA}"
EndProject
Project("{FAE04EC0-301F-11D3-BF4B-00C04F79EFBC}") = "Assembly-CSharp-firstpass", "Assembly-CSharp-firstpass.csproj", "{8F2A822C-9ACF-8003-9B1D-53C5B8F4D83D}"
EndProject
Project("{FAE04EC0-301F-11D3-BF4B-00C04F79EFBC}") = "Assembly-CSharp-Editor-firstpass", "Assembly-CSharp-Editor-firstpass.csproj", "{25AB4221-4733-AA7C-FE70-4D231BE88BEC}"
EndProject
Global
	GlobalSection(SolutionConfigurationPlatforms) = preSolution
		Debug|Any CPU = Debug|Any CPU
		Release|Any CPU = Release|Any CPU
	EndGlobalSection
	GlobalSection(ProjectConfigurationPlatforms) = postSolution
		{C99EEC9C-CDDF-2CC9-AFA8-1DCF204D14BA}.Debug|Any CPU.ActiveCfg = Debug|Any CPU
		{C99EEC9C-CDDF-2CC9-AFA8-1DCF204D14BA}.Debug|Any CPU.Build.0 = Debug|Any CPU
		{C99EEC9C-CDDF-2CC9-AFA8-1DCF204D14BA}.Release|Any CPU.ActiveCfg = Release|Any CPU
		{C99EEC9C-CDDF-2CC9-AFA8-1DCF204D14BA}.Release|Any CPU.Build.0 = Release|Any CPU
		{8F2A822C-9ACF-8003-9B1D-53C5B8F4D83D}.Debug|Any CPU.ActiveCfg = Debug|Any CPU
		{8F2A822C-9ACF-8003-9B1D-53C5B8F4D83D}.Debug|Any CPU.Build.0 = Debug|Any CPU
		{8F2A822C-9ACF-8003-9B1D-53C5B8F4D83D}.Release|Any CPU.ActiveCfg = Release|Any CPU
		{8F2A822C-9ACF-8003-9B1D-53C5B8F4D83D}.Release|Any CPU.Build.0 = Release|Any CPU
		{25AB4221-4733-AA7C-FE70-4D231BE88BEC}.Debug|Any CPU.ActiveCfg = Debug|Any CPU
		{25AB4221-4733-AA7C-FE70-4D231BE88BEC}.Debug|Any CPU.Build.0 = Debug|Any CPU
		{25AB4221-4733-AA7C-FE70-4D231BE88BEC}.Release|Any CPU.ActiveCfg = Release|Any CPU
		{25AB4221-4733-AA7C-FE70-4D231BE88BEC}.Release|Any CPU.Build.0 = Release|Any CPU
	EndGlobalSection
	GlobalSection(SolutionProperties) = preSolution
		HideSolutionNode = FALSE
	EndGlobalSection
EndGlobal
>>>>>>> 9d27e2465f5218d73689d63630c32d696d1bad8d
